
Microsoft Visual Studio Solution File, Format Version 12.00
# Visual Studio 15
VisualStudioVersion = 15.0.28307.1209
MinimumVisualStudioVersion = 10.0.40219.1
Project("{FAE04EC0-301F-11D3-BF4B-00C04F79EFBC}") = "SeleniumWebdriver", "SeleniumWebdriver\SeleniumWebdriver.csproj", "{5320482A-4652-42D2-857F-C16F5E0543E6}"
EndProject
Global
	GlobalSection(SolutionConfigurationPlatforms) = preSolution
		Debug|Any CPU = Debug|Any CPU
		Release|Any CPU = Release|Any CPU
	EndGlobalSection
	GlobalSection(ProjectConfigurationPlatforms) = postSolution
		{5320482A-4652-42D2-857F-C16F5E0543E6}.Debug|Any CPU.ActiveCfg = Debug|Any CPU
		{5320482A-4652-42D2-857F-C16F5E0543E6}.Debug|Any CPU.Build.0 = Debug|Any CPU
		{5320482A-4652-42D2-857F-C16F5E0543E6}.Release|Any CPU.ActiveCfg = Release|Any CPU
		{5320482A-4652-42D2-857F-C16F5E0543E6}.Release|Any CPU.Build.0 = Release|Any CPU
	EndGlobalSection
	GlobalSection(SolutionProperties) = preSolution
		HideSolutionNode = FALSE
	EndGlobalSection
	GlobalSection(ExtensibilityGlobals) = postSolution
		SolutionGuid = {17968A94-8E82-41A5-8878-43F27532BD0D}
	EndGlobalSection
EndGlobal
